{
  "pins" : [
    {
      "identity" : "gfmarkdown",
      "kind" : "remoteSourceControl",
      "location" : "https://github.com/swiftysites/gfmarkdown",
      "state" : {
        "branch" : "release",
        "revision" : "287cab2f1206fa89b5e57177942978eab40a800f"
      }
    },
    {
      "identity" : "swift-argument-parser",
      "kind" : "remoteSourceControl",
      "location" : "https://github.com/apple/swift-argument-parser.git",
      "state" : {
        "revision" : "8f4d2753f0e4778c76d5f05ad16c74f707390531",
        "version" : "1.2.3"
      }
    },
    {
      "identity" : "swift-cmark",
      "kind" : "remoteSourceControl",
      "location" : "https://github.com/apple/swift-cmark.git",
      "state" : {
        "branch" : "gfm",
        "revision" : "3bc2f3e25df0cecc5dc269f7ccae65d0f386f06a"
      }
    }
  ],
  "version" : 2
}
